// !$*UTF8*$!
{
	archiveVersion = 1;
	classes = {
	};
	objectVersion = 55;
	objects = {

/* Begin PBXBuildFile section */
		CB04736D28547D0000C8D305 /* AppDelegate.swift in Sources */ = {isa = PBXBuildFile; fileRef = CB04736C28547D0000C8D305 /* AppDelegate.swift */; };
		CB04736F28547D0000C8D305 /* SceneDelegate.swift in Sources */ = {isa = PBXBuildFile; fileRef = CB04736E28547D0000C8D305 /* SceneDelegate.swift */; };
		CB04737128547D0000C8D305 /* ViewController.swift in Sources */ = {isa = PBXBuildFile; fileRef = CB04737028547D0000C8D305 /* ViewController.swift */; };
		CB04737428547D0000C8D305 /* Main.storyboard in Resources */ = {isa = PBXBuildFile; fileRef = CB04737228547D0000C8D305 /* Main.storyboard */; };
		CB04737728547D0000C8D305 /* iOS_Horizontal_CollectionView_Calendar.xcdatamodeld in Sources */ = {isa = PBXBuildFile; fileRef = CB04737528547D0000C8D305 /* iOS_Horizontal_CollectionView_Calendar.xcdatamodeld */; };
		CB04737928547D0100C8D305 /* Assets.xcassets in Resources */ = {isa = PBXBuildFile; fileRef = CB04737828547D0100C8D305 /* Assets.xcassets */; };
		CB04737C28547D0100C8D305 /* LaunchScreen.storyboard in Resources */ = {isa = PBXBuildFile; fileRef = CB04737A28547D0100C8D305 /* LaunchScreen.storyboard */; };
		CB0473852854837300C8D305 /* HomescreenController.swift in Sources */ = {isa = PBXBuildFile; fileRef = CB0473842854837300C8D305 /* HomescreenController.swift */; };
		CB0473882854878700C8D305 /* DateCell.swift in Sources */ = {isa = PBXBuildFile; fileRef = CB0473872854878700C8D305 /* DateCell.swift */; };
		CB04738B28548BA800C8D305 /* Extensions.swift in Sources */ = {isa = PBXBuildFile; fileRef = CB04738A28548BA800C8D305 /* Extensions.swift */; };
		CB04738D28548D5E00C8D305 /* CellBuilder.swift in Sources */ = {isa = PBXBuildFile; fileRef = CB04738C28548D5E00C8D305 /* CellBuilder.swift */; };
		CB04738F285497EC00C8D305 /* LayoutBuilder.swift in Sources */ = {isa = PBXBuildFile; fileRef = CB04738E285497EC00C8D305 /* LayoutBuilder.swift */; };
		CB0473922854ACE500C8D305 /* TopHeaderCell.swift in Sources */ = {isa = PBXBuildFile; fileRef = CB0473912854ACE500C8D305 /* TopHeaderCell.swift */; };
		CB0473942854BC1600C8D305 /* MonthMetadata.swift in Sources */ = {isa = PBXBuildFile; fileRef = CB0473932854BC1600C8D305 /* MonthMetadata.swift */; };
		CB0473962854DA7900C8D305 /* MonthTemplate.swift in Sources */ = {isa = PBXBuildFile; fileRef = CB0473952854DA7900C8D305 /* MonthTemplate.swift */; };
		CB0473982854DCB700C8D305 /* ChangeMonthController.swift in Sources */ = {isa = PBXBuildFile; fileRef = CB0473972854DCB700C8D305 /* ChangeMonthController.swift */; };
/* End PBXBuildFile section */

/* Begin PBXFileReference section */
		CB04736928547D0000C8D305 /* iOS-Horizontal-CollectionView-Calendar.app */ = {isa = PBXFileReference; explicitFileType = wrapper.application; includeInIndex = 0; path = "iOS-Horizontal-CollectionView-Calendar.app"; sourceTree = BUILT_PRODUCTS_DIR; };
		CB04736C28547D0000C8D305 /* AppDelegate.swift */ = {isa = PBXFileReference; lastKnownFileType = sourcecode.swift; path = AppDelegate.swift; sourceTree = "<group>"; };
		CB04736E28547D0000C8D305 /* SceneDelegate.swift */ = {isa = PBXFileReference; lastKnownFileType = sourcecode.swift; path = SceneDelegate.swift; sourceTree = "<group>"; };
		CB04737028547D0000C8D305 /* ViewController.swift */ = {isa = PBXFileReference; lastKnownFileType = sourcecode.swift; path = ViewController.swift; sourceTree = "<group>"; };
		CB04737328547D0000C8D305 /* Base */ = {isa = PBXFileReference; lastKnownFileType = file.storyboard; name = Base; path = Base.lproj/Main.storyboard; sourceTree = "<group>"; };
		CB04737628547D0000C8D305 /* iOS_Horizontal_CollectionView_Calendar.xcdatamodel */ = {isa = PBXFileReference; lastKnownFileType = wrapper.xcdatamodel; path = iOS_Horizontal_CollectionView_Calendar.xcdatamodel; sourceTree = "<group>"; };
		CB04737828547D0100C8D305 /* Assets.xcassets */ = {isa = PBXFileReference; lastKnownFileType = folder.assetcatalog; path = Assets.xcassets; sourceTree = "<group>"; };
		CB04737B28547D0100C8D305 /* Base */ = {isa = PBXFileReference; lastKnownFileType = file.storyboard; name = Base; path = Base.lproj/LaunchScreen.storyboard; sourceTree = "<group>"; };
		CB04737D28547D0100C8D305 /* Info.plist */ = {isa = PBXFileReference; lastKnownFileType = text.plist.xml; path = Info.plist; sourceTree = "<group>"; };
		CB0473842854837300C8D305 /* HomescreenController.swift */ = {isa = PBXFileReference; lastKnownFileType = sourcecode.swift; path = HomescreenController.swift; sourceTree = "<group>"; };
		CB0473872854878700C8D305 /* DateCell.swift */ = {isa = PBXFileReference; lastKnownFileType = sourcecode.swift; path = DateCell.swift; sourceTree = "<group>"; };
		CB04738A28548BA800C8D305 /* Extensions.swift */ = {isa = PBXFileReference; lastKnownFileType = sourcecode.swift; path = Extensions.swift; sourceTree = "<group>"; };
		CB04738C28548D5E00C8D305 /* CellBuilder.swift */ = {isa = PBXFileReference; lastKnownFileType = sourcecode.swift; path = CellBuilder.swift; sourceTree = "<group>"; };
		CB04738E285497EC00C8D305 /* LayoutBuilder.swift */ = {isa = PBXFileReference; lastKnownFileType = sourcecode.swift; path = LayoutBuilder.swift; sourceTree = "<group>"; };
		CB0473912854ACE500C8D305 /* TopHeaderCell.swift */ = {isa = PBXFileReference; lastKnownFileType = sourcecode.swift; path = TopHeaderCell.swift; sourceTree = "<group>"; };
		CB0473932854BC1600C8D305 /* MonthMetadata.swift */ = {isa = PBXFileReference; lastKnownFileType = sourcecode.swift; path = MonthMetadata.swift; sourceTree = "<group>"; };
		CB0473952854DA7900C8D305 /* MonthTemplate.swift */ = {isa = PBXFileReference; lastKnownFileType = sourcecode.swift; path = MonthTemplate.swift; sourceTree = "<group>"; };
		CB0473972854DCB700C8D305 /* ChangeMonthController.swift */ = {isa = PBXFileReference; lastKnownFileType = sourcecode.swift; path = ChangeMonthController.swift; sourceTree = "<group>"; };
/* End PBXFileReference section */

/* Begin PBXFrameworksBuildPhase section */
		CB04736628547D0000C8D305 /* Frameworks */ = {
			isa = PBXFrameworksBuildPhase;
			buildActionMask = 2147483647;
			files = (
			);
			runOnlyForDeploymentPostprocessing = 0;
		};
/* End PBXFrameworksBuildPhase section */

/* Begin PBXGroup section */
		CB04736028547D0000C8D305 = {
			isa = PBXGroup;
			children = (
				CB04736B28547D0000C8D305 /* iOS-Horizontal-CollectionView-Calendar */,
				CB04736A28547D0000C8D305 /* Products */,
			);
			sourceTree = "<group>";
		};
		CB04736A28547D0000C8D305 /* Products */ = {
			isa = PBXGroup;
			children = (
				CB04736928547D0000C8D305 /* iOS-Horizontal-CollectionView-Calendar.app */,
			);
			name = Products;
			sourceTree = "<group>";
		};
		CB04736B28547D0000C8D305 /* iOS-Horizontal-CollectionView-Calendar */ = {
			isa = PBXGroup;
			children = (
				CB0473902854A95700C8D305 /* Model */,
				CB0473862854876D00C8D305 /* View */,
				CB0473832854835700C8D305 /* Controller */,
				CB04738928548B8D00C8D305 /* Utils */,
				CB04736C28547D0000C8D305 /* AppDelegate.swift */,
				CB04736E28547D0000C8D305 /* SceneDelegate.swift */,
				CB04737028547D0000C8D305 /* ViewController.swift */,
				CB04737228547D0000C8D305 /* Main.storyboard */,
				CB04737828547D0100C8D305 /* Assets.xcassets */,
				CB04737A28547D0100C8D305 /* LaunchScreen.storyboard */,
				CB04737D28547D0100C8D305 /* Info.plist */,
				CB04737528547D0000C8D305 /* iOS_Horizontal_CollectionView_Calendar.xcdatamodeld */,
			);
			path = "iOS-Horizontal-CollectionView-Calendar";
			sourceTree = "<group>";
		};
		CB0473832854835700C8D305 /* Controller */ = {
			isa = PBXGroup;
			children = (
				CB0473992854DCBC00C8D305 /* Builder */,
				CB0473842854837300C8D305 /* HomescreenController.swift */,
				CB0473972854DCB700C8D305 /* ChangeMonthController.swift */,
			);
			path = Controller;
			sourceTree = "<group>";
		};
		CB0473862854876D00C8D305 /* View */ = {
			isa = PBXGroup;
			children = (
				CB0473872854878700C8D305 /* DateCell.swift */,
				CB0473912854ACE500C8D305 /* TopHeaderCell.swift */,
			);
			path = View;
			sourceTree = "<group>";
		};
		CB04738928548B8D00C8D305 /* Utils */ = {
			isa = PBXGroup;
			children = (
				CB04738A28548BA800C8D305 /* Extensions.swift */,
			);
			path = Utils;
			sourceTree = "<group>";
		};
		CB0473902854A95700C8D305 /* Model */ = {
			isa = PBXGroup;
			children = (
				CB0473932854BC1600C8D305 /* MonthMetadata.swift */,
				CB0473952854DA7900C8D305 /* MonthTemplate.swift */,
			);
			path = Model;
			sourceTree = "<group>";
		};
		CB0473992854DCBC00C8D305 /* Builder */ = {
			isa = PBXGroup;
			children = (
				CB04738C28548D5E00C8D305 /* CellBuilder.swift */,
				CB04738E285497EC00C8D305 /* LayoutBuilder.swift */,
			);
			path = Builder;
			sourceTree = "<group>";
		};
/* End PBXGroup section */

/* Begin PBXNativeTarget section */
		CB04736828547D0000C8D305 /* iOS-Horizontal-CollectionView-Calendar */ = {
			isa = PBXNativeTarget;
			buildConfigurationList = CB04738028547D0100C8D305 /* Build configuration list for PBXNativeTarget "iOS-Horizontal-CollectionView-Calendar" */;
			buildPhases = (
				CB04736528547D0000C8D305 /* Sources */,
				CB04736628547D0000C8D305 /* Frameworks */,
				CB04736728547D0000C8D305 /* Resources */,
			);
			buildRules = (
			);
			dependencies = (
			);
			name = "iOS-Horizontal-CollectionView-Calendar";
			productName = "iOS-Horizontal-CollectionView-Calendar";
			productReference = CB04736928547D0000C8D305 /* iOS-Horizontal-CollectionView-Calendar.app */;
			productType = "com.apple.product-type.application";
		};
/* End PBXNativeTarget section */

/* Begin PBXProject section */
		CB04736128547D0000C8D305 /* Project object */ = {
			isa = PBXProject;
			attributes = {
				BuildIndependentTargetsInParallel = 1;
				LastSwiftUpdateCheck = 1330;
				LastUpgradeCheck = 1330;
				TargetAttributes = {
					CB04736828547D0000C8D305 = {
						CreatedOnToolsVersion = 13.3.1;
					};
				};
			};
			buildConfigurationList = CB04736428547D0000C8D305 /* Build configuration list for PBXProject "iOS-Horizontal-CollectionView-Calendar" */;
			compatibilityVersion = "Xcode 13.0";
			developmentRegion = en;
			hasScannedForEncodings = 0;
			knownRegions = (
				en,
				Base,
			);
			mainGroup = CB04736028547D0000C8D305;
			productRefGroup = CB04736A28547D0000C8D305 /* Products */;
			projectDirPath = "";
			projectRoot = "";
			targets = (
				CB04736828547D0000C8D305 /* iOS-Horizontal-CollectionView-Calendar */,
			);
		};
/* End PBXProject section */

/* Begin PBXResourcesBuildPhase section */
		CB04736728547D0000C8D305 /* Resources */ = {
			isa = PBXResourcesBuildPhase;
			buildActionMask = 2147483647;
			files = (
				CB04737C28547D0100C8D305 /* LaunchScreen.storyboard in Resources */,
				CB04737928547D0100C8D305 /* Assets.xcassets in Resources */,
				CB04737428547D0000C8D305 /* Main.storyboard in Resources */,
			);
			runOnlyForDeploymentPostprocessing = 0;
		};
/* End PBXResourcesBuildPhase section */

/* Begin PBXSourcesBuildPhase section */
		CB04736528547D0000C8D305 /* Sources */ = {
			isa = PBXSourcesBuildPhase;
			buildActionMask = 2147483647;
			files = (
				CB0473982854DCB700C8D305 /* ChangeMonthController.swift in Sources */,
				CB0473962854DA7900C8D305 /* MonthTemplate.swift in Sources */,
				CB04737128547D0000C8D305 /* ViewController.swift in Sources */,
				CB04738F285497EC00C8D305 /* LayoutBuilder.swift in Sources */,
				CB0473882854878700C8D305 /* DateCell.swift in Sources */,
				CB04736D28547D0000C8D305 /* AppDelegate.swift in Sources */,
				CB04738D28548D5E00C8D305 /* CellBuilder.swift in Sources */,
				CB04737728547D0000C8D305 /* iOS_Horizontal_CollectionView_Calendar.xcdatamodeld in Sources */,
				CB04736F28547D0000C8D305 /* SceneDelegate.swift in Sources */,
				CB0473852854837300C8D305 /* HomescreenController.swift in Sources */,
				CB0473922854ACE500C8D305 /* TopHeaderCell.swift in Sources */,
				CB04738B28548BA800C8D305 /* Extensions.swift in Sources */,
				CB0473942854BC1600C8D305 /* MonthMetadata.swift in Sources */,
			);
			runOnlyForDeploymentPostprocessing = 0;
		};
/* End PBXSourcesBuildPhase section */

/* Begin PBXVariantGroup section */
		CB04737228547D0000C8D305 /* Main.storyboard */ = {
			isa = PBXVariantGroup;
			children = (
				CB04737328547D0000C8D305 /* Base */,
			);
			name = Main.storyboard;
			sourceTree = "<group>";
		};
		CB04737A28547D0100C8D305 /* LaunchScreen.storyboard */ = {
			isa = PBXVariantGroup;
			children = (
				CB04737B28547D0100C8D305 /* Base */,
			);
			name = LaunchScreen.storyboard;
			sourceTree = "<group>";
		};
/* End PBXVariantGroup section */

/* Begin XCBuildConfiguration section */
		CB04737E28547D0100C8D305 /* Debug */ = {
			isa = XCBuildConfiguration;
			buildSettings = {
				ALWAYS_SEARCH_USER_PATHS = NO;
				CLANG_ANALYZER_NONNULL = YES;
				CLANG_ANALYZER_NUMBER_OBJECT_CONVERSION = YES_AGGRESSIVE;
				CLANG_CXX_LANGUAGE_STANDARD = "gnu++17";
				CLANG_ENABLE_MODULES = YES;
				CLANG_ENABLE_OBJC_ARC = YES;
				CLANG_ENABLE_OBJC_WEAK = YES;
				CLANG_WARN_BLOCK_CAPTURE_AUTORELEASING = YES;
				CLANG_WARN_BOOL_CONVERSION = YES;
				CLANG_WARN_COMMA = YES;
				CLANG_WARN_CONSTANT_CONVERSION = YES;
				CLANG_WARN_DEPRECATED_OBJC_IMPLEMENTATIONS = YES;
				CLANG_WARN_DIRECT_OBJC_ISA_USAGE = YES_ERROR;
				CLANG_WARN_DOCUMENTATION_COMMENTS = YES;
				CLANG_WARN_EMPTY_BODY = YES;
				CLANG_WARN_ENUM_CONVERSION = YES;
				CLANG_WARN_INFINITE_RECURSION = YES;
				CLANG_WARN_INT_CONVERSION = YES;
				CLANG_WARN_NON_LITERAL_NULL_CONVERSION = YES;
				CLANG_WARN_OBJC_IMPLICIT_RETAIN_SELF = YES;
				CLANG_WARN_OBJC_LITERAL_CONVERSION = YES;
				CLANG_WARN_OBJC_ROOT_CLASS = YES_ERROR;
				CLANG_WARN_QUOTED_INCLUDE_IN_FRAMEWORK_HEADER = YES;
				CLANG_WARN_RANGE_LOOP_ANALYSIS = YES;
				CLANG_WARN_STRICT_PROTOTYPES = YES;
				CLANG_WARN_SUSPICIOUS_MOVE = YES;
				CLANG_WARN_UNGUARDED_AVAILABILITY = YES_AGGRESSIVE;
				CLANG_WARN_UNREACHABLE_CODE = YES;
				CLANG_WARN__DUPLICATE_METHOD_MATCH = YES;
				COPY_PHASE_STRIP = NO;
				DEBUG_INFORMATION_FORMAT = dwarf;
				ENABLE_STRICT_OBJC_MSGSEND = YES;
				ENABLE_TESTABILITY = YES;
				GCC_C_LANGUAGE_STANDARD = gnu11;
				GCC_DYNAMIC_NO_PIC = NO;
				GCC_NO_COMMON_BLOCKS = YES;
				GCC_OPTIMIZATION_LEVEL = 0;
				GCC_PREPROCESSOR_DEFINITIONS = (
					"DEBUG=1",
					"$(inherited)",
				);
				GCC_WARN_64_TO_32_BIT_CONVERSION = YES;
				GCC_WARN_ABOUT_RETURN_TYPE = YES_ERROR;
				GCC_WARN_UNDECLARED_SELECTOR = YES;
				GCC_WARN_UNINITIALIZED_AUTOS = YES_AGGRESSIVE;
				GCC_WARN_UNUSED_FUNCTION = YES;
				GCC_WARN_UNUSED_VARIABLE = YES;
				IPHONEOS_DEPLOYMENT_TARGET = 15.4;
				MTL_ENABLE_DEBUG_INFO = INCLUDE_SOURCE;
				MTL_FAST_MATH = YES;
				ONLY_ACTIVE_ARCH = YES;
				SDKROOT = iphoneos;
				SWIFT_ACTIVE_COMPILATION_CONDITIONS = DEBUG;
				SWIFT_OPTIMIZATION_LEVEL = "-Onone";
			};
			name = Debug;
		};
		CB04737F28547D0100C8D305 /* Release */ = {
			isa = XCBuildConfiguration;
			buildSettings = {
				ALWAYS_SEARCH_USER_PATHS = NO;
				CLANG_ANALYZER_NONNULL = YES;
				CLANG_ANALYZER_NUMBER_OBJECT_CONVERSION = YES_AGGRESSIVE;
				CLANG_CXX_LANGUAGE_STANDARD = "gnu++17";
				CLANG_ENABLE_MODULES = YES;
				CLANG_ENABLE_OBJC_ARC = YES;
				CLANG_ENABLE_OBJC_WEAK = YES;
				CLANG_WARN_BLOCK_CAPTURE_AUTORELEASING = YES;
				CLANG_WARN_BOOL_CONVERSION = YES;
				CLANG_WARN_COMMA = YES;
				CLANG_WARN_CONSTANT_CONVERSION = YES;
				CLANG_WARN_DEPRECATED_OBJC_IMPLEMENTATIONS = YES;
				CLANG_WARN_DIRECT_OBJC_ISA_USAGE = YES_ERROR;
				CLANG_WARN_DOCUMENTATION_COMMENTS = YES;
				CLANG_WARN_EMPTY_BODY = YES;
				CLANG_WARN_ENUM_CONVERSION = YES;
				CLANG_WARN_INFINITE_RECURSION = YES;
				CLANG_WARN_INT_CONVERSION = YES;
				CLANG_WARN_NON_LITERAL_NULL_CONVERSION = YES;
				CLANG_WARN_OBJC_IMPLICIT_RETAIN_SELF = YES;
				CLANG_WARN_OBJC_LITERAL_CONVERSION = YES;
				CLANG_WARN_OBJC_ROOT_CLASS = YES_ERROR;
				CLANG_WARN_QUOTED_INCLUDE_IN_FRAMEWORK_HEADER = YES;
				CLANG_WARN_RANGE_LOOP_ANALYSIS = YES;
				CLANG_WARN_STRICT_PROTOTYPES = YES;
				CLANG_WARN_SUSPICIOUS_MOVE = YES;
				CLANG_WARN_UNGUARDED_AVAILABILITY = YES_AGGRESSIVE;
				CLANG_WARN_UNREACHABLE_CODE = YES;
				CLANG_WARN__DUPLICATE_METHOD_MATCH = YES;
				COPY_PHASE_STRIP = NO;
				DEBUG_INFORMATION_FORMAT = "dwarf-with-dsym";
				ENABLE_NS_ASSERTIONS = NO;
				ENABLE_STRICT_OBJC_MSGSEND = YES;
				GCC_C_LANGUAGE_STANDARD = gnu11;
				GCC_NO_COMMON_BLOCKS = YES;
				GCC_WARN_64_TO_32_BIT_CONVERSION = YES;
				GCC_WARN_ABOUT_RETURN_TYPE = YES_ERROR;
				GCC_WARN_UNDECLARED_SELECTOR = YES;
				GCC_WARN_UNINITIALIZED_AUTOS = YES_AGGRESSIVE;
				GCC_WARN_UNUSED_FUNCTION = YES;
				GCC_WARN_UNUSED_VARIABLE = YES;
				IPHONEOS_DEPLOYMENT_TARGET = 15.4;
				MTL_ENABLE_DEBUG_INFO = NO;
				MTL_FAST_MATH = YES;
				SDKROOT = iphoneos;
				SWIFT_COMPILATION_MODE = wholemodule;
				SWIFT_OPTIMIZATION_LEVEL = "-O";
				VALIDATE_PRODUCT = YES;
			};
			name = Release;
		};
		CB04738128547D0100C8D305 /* Debug */ = {
			isa = XCBuildConfiguration;
			buildSettings = {
				ASSETCATALOG_COMPILER_APPICON_NAME = AppIcon;
				ASSETCATALOG_COMPILER_GLOBAL_ACCENT_COLOR_NAME = AccentColor;
				CODE_SIGN_STYLE = Automatic;
				CURRENT_PROJECT_VERSION = 1;
				DEVELOPMENT_TEAM = 2CYTFH24FS;
				GENERATE_INFOPLIST_FILE = YES;
				INFOPLIST_FILE = "iOS-Horizontal-CollectionView-Calendar/Info.plist";
				INFOPLIST_KEY_UIApplicationSupportsIndirectInputEvents = YES;
				INFOPLIST_KEY_UILaunchStoryboardName = LaunchScreen;
				INFOPLIST_KEY_UIMainStoryboardFile = Main;
				INFOPLIST_KEY_UISupportedInterfaceOrientations_iPad = "UIInterfaceOrientationPortrait UIInterfaceOrientationPortraitUpsideDown UIInterfaceOrientationLandscapeLeft UIInterfaceOrientationLandscapeRight";
				INFOPLIST_KEY_UISupportedInterfaceOrientations_iPhone = "UIInterfaceOrientationPortrait UIInterfaceOrientationLandscapeLeft UIInterfaceOrientationLandscapeRight";
				LD_RUNPATH_SEARCH_PATHS = (
					"$(inherited)",
					"@executable_path/Frameworks",
				);
				MARKETING_VERSION = 1.0;
				PRODUCT_BUNDLE_IDENTIFIER = "id.iOS-Horizontal-CollectionView-Calendar";
				PRODUCT_NAME = "$(TARGET_NAME)";
				SWIFT_EMIT_LOC_STRINGS = YES;
				SWIFT_VERSION = 5.0;
				TARGETED_DEVICE_FAMILY = "1,2";
			};
			name = Debug;
		};
		CB04738228547D0100C8D305 /* Release */ = {
			isa = XCBuildConfiguration;
			buildSettings = {
				ASSETCATALOG_COMPILER_APPICON_NAME = AppIcon;
				ASSETCATALOG_COMPILER_GLOBAL_ACCENT_COLOR_NAME = AccentColor;
				CODE_SIGN_STYLE = Automatic;
				CURRENT_PROJECT_VERSION = 1;
				DEVELOPMENT_TEAM = 2CYTFH24FS;
				GENERATE_INFOPLIST_FILE = YES;
				INFOPLIST_FILE = "iOS-Horizontal-CollectionView-Calendar/Info.plist";
				INFOPLIST_KEY_UIApplicationSupportsIndirectInputEvents = YES;
				INFOPLIST_KEY_UILaunchStoryboardName = LaunchScreen;
				INFOPLIST_KEY_UIMainStoryboardFile = Main;
				INFOPLIST_KEY_UISupportedInterfaceOrientations_iPad = "UIInterfaceOrientationPortrait UIInterfaceOrientationPortraitUpsideDown UIInterfaceOrientationLandscapeLeft UIInterfaceOrientationLandscapeRight";
				INFOPLIST_KEY_UISupportedInterfaceOrientations_iPhone = "UIInterfaceOrientationPortrait UIInterfaceOrientationLandscapeLeft UIInterfaceOrientationLandscapeRight";
				LD_RUNPATH_SEARCH_PATHS = (
					"$(inherited)",
					"@executable_path/Frameworks",
				);
				MARKETING_VERSION = 1.0;
				PRODUCT_BUNDLE_IDENTIFIER = "id.iOS-Horizontal-CollectionView-Calendar";
				PRODUCT_NAME = "$(TARGET_NAME)";
				SWIFT_EMIT_LOC_STRINGS = YES;
				SWIFT_VERSION = 5.0;
				TARGETED_DEVICE_FAMILY = "1,2";
			};
			name = Release;
		};
/* End XCBuildConfiguration section */

/* Begin XCConfigurationList section */
		CB04736428547D0000C8D305 /* Build configuration list for PBXProject "iOS-Horizontal-CollectionView-Calendar" */ = {
			isa = XCConfigurationList;
			buildConfigurations = (
				CB04737E28547D0100C8D305 /* Debug */,
				CB04737F28547D0100C8D305 /* Release */,
			);
			defaultConfigurationIsVisible = 0;
			defaultConfigurationName = Release;
		};
		CB04738028547D0100C8D305 /* Build configuration list for PBXNativeTarget "iOS-Horizontal-CollectionView-Calendar" */ = {
			isa = XCConfigurationList;
			buildConfigurations = (
				CB04738128547D0100C8D305 /* Debug */,
				CB04738228547D0100C8D305 /* Release */,
			);
			defaultConfigurationIsVisible = 0;
			defaultConfigurationName = Release;
		};
/* End XCConfigurationList section */

/* Begin XCVersionGroup section */
		CB04737528547D0000C8D305 /* iOS_Horizontal_CollectionView_Calendar.xcdatamodeld */ = {
			isa = XCVersionGroup;
			children = (
				CB04737628547D0000C8D305 /* iOS_Horizontal_CollectionView_Calendar.xcdatamodel */,
			);
			currentVersion = CB04737628547D0000C8D305 /* iOS_Horizontal_CollectionView_Calendar.xcdatamodel */;
			path = iOS_Horizontal_CollectionView_Calendar.xcdatamodeld;
			sourceTree = "<group>";
			versionGroupType = wrapper.xcdatamodel;
		};
/* End XCVersionGroup section */
	};
	rootObject = CB04736128547D0000C8D305 /* Project object */;
}
